{
    "name": "ricksy-bussiness",
    "version": "1.0.0",
    "lockfileVersion": 2,
    "requires": true,
    "packages": {
        "": {
            "name": "ricksy-bussiness",
            "version": "1.0.0",
            "license": "MIT",
            "dependencies": {
                "creditCard": "/modules/creditCard.js",
                "packExpender": "/modules/packExpender.js",
                "receptivo": "/modules/receptivo.js",
                "ufosPark": "/modules/ufosPark.js"
            }
        },
        "../../../../../../modules/creditCard.js": {},
        "../../../../../../modules/packExpender.js": {},
        "../../../../../../modules/receptivo.js": {},
        "../../../../../../modules/ufosPark.js": {},
        "node_modules/creditCard": {
            "resolved": "../../../../../../modules/creditCard.js",
            "link": true
        },
        "node_modules/packExpender": {
            "resolved": "../../../../../../modules/packExpender.js",
            "link": true
        },
        "node_modules/receptivo": {
            "resolved": "../../../../../../modules/receptivo.js",
            "link": true
        },
        "node_modules/ufosPark": {
            "resolved": "../../../../../../modules/ufosPark.js",
            "link": true
        }
    },
    "dependencies": {
        "creditCard": {
            "version": "file:../../../../../../modules/creditCard.js"
        },
        "packExpender": {
            "version": "file:../../../../../../modules/packExpender.js"
        },
        "receptivo": {
            "version": "file:../../../../../../modules/receptivo.js"
        },
        "ufosPark": {
            "version": "file:../../../../../../modules/ufosPark.js"
        }
    }
}
